// !$*UTF8*$!
{
	archiveVersion = 1;
	classes = {
	};
	objectVersion = 46;
	objects = {

/* Begin PBXBuildFile section */
		4EF7C08519DF0CBE003576C2 /* AppDelegate.swift in Sources */ = {isa = PBXBuildFile; fileRef = 4EF7C08419DF0CBE003576C2 /* AppDelegate.swift */; };
		4EF7C08719DF0CBE003576C2 /* ViewController.swift in Sources */ = {isa = PBXBuildFile; fileRef = 4EF7C08619DF0CBE003576C2 /* ViewController.swift */; };
		4EF7C08A19DF0CBE003576C2 /* Main.storyboard in Resources */ = {isa = PBXBuildFile; fileRef = 4EF7C08819DF0CBE003576C2 /* Main.storyboard */; };
		4EF7C08C19DF0CBE003576C2 /* Images.xcassets in Resources */ = {isa = PBXBuildFile; fileRef = 4EF7C08B19DF0CBE003576C2 /* Images.xcassets */; };
		4EF7C08F19DF0CBE003576C2 /* LaunchScreen.xib in Resources */ = {isa = PBXBuildFile; fileRef = 4EF7C08D19DF0CBE003576C2 /* LaunchScreen.xib */; };
		4EF7C0AD19DF0CC9003576C2 /* KeyboardViewController.swift in Sources */ = {isa = PBXBuildFile; fileRef = 4EF7C0AC19DF0CC9003576C2 /* KeyboardViewController.swift */; };
		4EF7C0B019DF0CC9003576C2 /* Keyboard.appex in Embed App Extensions */ = {isa = PBXBuildFile; fileRef = 4EF7C0A819DF0CC9003576C2 /* Keyboard.appex */; settings = {ATTRIBUTES = (RemoveHeadersOnCopy, ); }; };
/* End PBXBuildFile section */

/* Begin PBXContainerItemProxy section */
		4EF7C0AE19DF0CC9003576C2 /* PBXContainerItemProxy */ = {
			isa = PBXContainerItemProxy;
			containerPortal = 4EF7C07719DF0CBE003576C2 /* Project object */;
			proxyType = 1;
			remoteGlobalIDString = 4EF7C0A719DF0CC9003576C2;
			remoteInfo = Keyboard;
		};
		4EF7C0B119DF0CC9003576C2 /* PBXContainerItemProxy */ = {
			isa = PBXContainerItemProxy;
			containerPortal = 4EF7C07719DF0CBE003576C2 /* Project object */;
			proxyType = 1;
			remoteGlobalIDString = 4EF7C0A719DF0CC9003576C2;
			remoteInfo = Keyboard;
		};
/* End PBXContainerItemProxy section */

/* Begin PBXCopyFilesBuildPhase section */
		4EF7C0B619DF0CC9003576C2 /* Embed App Extensions */ = {
			isa = PBXCopyFilesBuildPhase;
			buildActionMask = 2147483647;
			dstPath = "";
			dstSubfolderSpec = 13;
			files = (
				4EF7C0B019DF0CC9003576C2 /* Keyboard.appex in Embed App Extensions */,
			);
			name = "Embed App Extensions";
			runOnlyForDeploymentPostprocessing = 0;
		};
/* End PBXCopyFilesBuildPhase section */

/* Begin PBXFileReference section */
		4EF7C07F19DF0CBE003576C2 /* TestAutolayoutKeyboard.app */ = {isa = PBXFileReference; explicitFileType = wrapper.application; includeInIndex = 0; path = TestAutolayoutKeyboard.app; sourceTree = BUILT_PRODUCTS_DIR; };
		4EF7C08319DF0CBE003576C2 /* Info.plist */ = {isa = PBXFileReference; lastKnownFileType = text.plist.xml; path = Info.plist; sourceTree = "<group>"; };
		4EF7C08419DF0CBE003576C2 /* AppDelegate.swift */ = {isa = PBXFileReference; lastKnownFileType = sourcecode.swift; path = AppDelegate.swift; sourceTree = "<group>"; };
		4EF7C08619DF0CBE003576C2 /* ViewController.swift */ = {isa = PBXFileReference; lastKnownFileType = sourcecode.swift; path = ViewController.swift; sourceTree = "<group>"; };
		4EF7C08919DF0CBE003576C2 /* Base */ = {isa = PBXFileReference; lastKnownFileType = file.storyboard; name = Base; path = Base.lproj/Main.storyboard; sourceTree = "<group>"; };
		4EF7C08B19DF0CBE003576C2 /* Images.xcassets */ = {isa = PBXFileReference; lastKnownFileType = folder.assetcatalog; path = Images.xcassets; sourceTree = "<group>"; };
		4EF7C08E19DF0CBE003576C2 /* Base */ = {isa = PBXFileReference; lastKnownFileType = file.xib; name = Base; path = Base.lproj/LaunchScreen.xib; sourceTree = "<group>"; };
		4EF7C0A819DF0CC9003576C2 /* Keyboard.appex */ = {isa = PBXFileReference; explicitFileType = "wrapper.app-extension"; includeInIndex = 0; path = Keyboard.appex; sourceTree = BUILT_PRODUCTS_DIR; };
		4EF7C0AB19DF0CC9003576C2 /* Info.plist */ = {isa = PBXFileReference; lastKnownFileType = text.plist.xml; path = Info.plist; sourceTree = "<group>"; };
		4EF7C0AC19DF0CC9003576C2 /* KeyboardViewController.swift */ = {isa = PBXFileReference; lastKnownFileType = sourcecode.swift; path = KeyboardViewController.swift; sourceTree = "<group>"; };
/* End PBXFileReference section */

/* Begin PBXFrameworksBuildPhase section */
		4EF7C07C19DF0CBE003576C2 /* Frameworks */ = {
			isa = PBXFrameworksBuildPhase;
			buildActionMask = 2147483647;
			files = (
			);
			runOnlyForDeploymentPostprocessing = 0;
		};
		4EF7C0A519DF0CC9003576C2 /* Frameworks */ = {
			isa = PBXFrameworksBuildPhase;
			buildActionMask = 2147483647;
			files = (
			);
			runOnlyForDeploymentPostprocessing = 0;
		};
/* End PBXFrameworksBuildPhase section */

/* Begin PBXGroup section */
		4EF7C07619DF0CBE003576C2 = {
			isa = PBXGroup;
			children = (
				4EF7C08119DF0CBE003576C2 /* TestAutolayoutKeyboard */,
				4EF7C0A919DF0CC9003576C2 /* Keyboard */,
				4EF7C08019DF0CBE003576C2 /* Products */,
			);
			sourceTree = "<group>";
		};
		4EF7C08019DF0CBE003576C2 /* Products */ = {
			isa = PBXGroup;
			children = (
				4EF7C07F19DF0CBE003576C2 /* TestAutolayoutKeyboard.app */,
				4EF7C0A819DF0CC9003576C2 /* Keyboard.appex */,
			);
			name = Products;
			sourceTree = "<group>";
		};
		4EF7C08119DF0CBE003576C2 /* TestAutolayoutKeyboard */ = {
			isa = PBXGroup;
			children = (
				4EF7C08419DF0CBE003576C2 /* AppDelegate.swift */,
				4EF7C08619DF0CBE003576C2 /* ViewController.swift */,
				4EF7C08819DF0CBE003576C2 /* Main.storyboard */,
				4EF7C08B19DF0CBE003576C2 /* Images.xcassets */,
				4EF7C08D19DF0CBE003576C2 /* LaunchScreen.xib */,
				4EF7C08219DF0CBE003576C2 /* Supporting Files */,
			);
			path = TestAutolayoutKeyboard;
			sourceTree = "<group>";
		};
		4EF7C08219DF0CBE003576C2 /* Supporting Files */ = {
			isa = PBXGroup;
			children = (
				4EF7C08319DF0CBE003576C2 /* Info.plist */,
			);
			name = "Supporting Files";
			sourceTree = "<group>";
		};
		4EF7C0A919DF0CC9003576C2 /* Keyboard */ = {
			isa = PBXGroup;
			children = (
				4EF7C0AC19DF0CC9003576C2 /* KeyboardViewController.swift */,
				4EF7C0AA19DF0CC9003576C2 /* Supporting Files */,
			);
			path = Keyboard;
			sourceTree = "<group>";
		};
		4EF7C0AA19DF0CC9003576C2 /* Supporting Files */ = {
			isa = PBXGroup;
			children = (
				4EF7C0AB19DF0CC9003576C2 /* Info.plist */,
			);
			name = "Supporting Files";
			sourceTree = "<group>";
		};
/* End PBXGroup section */

/* Begin PBXNativeTarget section */
		4EF7C07E19DF0CBE003576C2 /* TestAutolayoutKeyboard */ = {
			isa = PBXNativeTarget;
			buildConfigurationList = 4EF7C09E19DF0CBE003576C2 /* Build configuration list for PBXNativeTarget "TestAutolayoutKeyboard" */;
			buildPhases = (
				4EF7C07B19DF0CBE003576C2 /* Sources */,
				4EF7C07C19DF0CBE003576C2 /* Frameworks */,
				4EF7C07D19DF0CBE003576C2 /* Resources */,
				4EF7C0B619DF0CC9003576C2 /* Embed App Extensions */,
			);
			buildRules = (
			);
			dependencies = (
				4EF7C0AF19DF0CC9003576C2 /* PBXTargetDependency */,
				4EF7C0B219DF0CC9003576C2 /* PBXTargetDependency */,
			);
			name = TestAutolayoutKeyboard;
			productName = TestAutolayoutKeyboard;
			productReference = 4EF7C07F19DF0CBE003576C2 /* TestAutolayoutKeyboard.app */;
			productType = "com.apple.product-type.application";
		};
		4EF7C0A719DF0CC9003576C2 /* Keyboard */ = {
			isa = PBXNativeTarget;
			buildConfigurationList = 4EF7C0B319DF0CC9003576C2 /* Build configuration list for PBXNativeTarget "Keyboard" */;
			buildPhases = (
				4EF7C0A419DF0CC9003576C2 /* Sources */,
				4EF7C0A519DF0CC9003576C2 /* Frameworks */,
				4EF7C0A619DF0CC9003576C2 /* Resources */,
			);
			buildRules = (
			);
			dependencies = (
			);
			name = Keyboard;
			productName = Keyboard;
			productReference = 4EF7C0A819DF0CC9003576C2 /* Keyboard.appex */;
			productType = "com.apple.product-type.app-extension";
		};
/* End PBXNativeTarget section */

/* Begin PBXProject section */
		4EF7C07719DF0CBE003576C2 /* Project object */ = {
			isa = PBXProject;
			attributes = {
				LastUpgradeCheck = 0600;
				ORGANIZATIONNAME = "Alexei Baboulevitch";
				TargetAttributes = {
					4EF7C07E19DF0CBE003576C2 = {
						CreatedOnToolsVersion = 6.0.1;
					};
					4EF7C0A719DF0CC9003576C2 = {
						CreatedOnToolsVersion = 6.0.1;
					};
				};
			};
			buildConfigurationList = 4EF7C07A19DF0CBE003576C2 /* Build configuration list for PBXProject "TestAutolayoutKeyboard" */;
			compatibilityVersion = "Xcode 3.2";
			developmentRegion = English;
			hasScannedForEncodings = 0;
			knownRegions = (
				en,
				Base,
			);
			mainGroup = 4EF7C07619DF0CBE003576C2;
			productRefGroup = 4EF7C08019DF0CBE003576C2 /* Products */;
			projectDirPath = "";
			projectRoot = "";
			targets = (
				4EF7C07E19DF0CBE003576C2 /* TestAutolayoutKeyboard */,
				4EF7C0A719DF0CC9003576C2 /* Keyboard */,
			);
		};
/* End PBXProject section */

/* Begin PBXResourcesBuildPhase section */
		4EF7C07D19DF0CBE003576C2 /* Resources */ = {
			isa = PBXResourcesBuildPhase;
			buildActionMask = 2147483647;
			files = (
				4EF7C08A19DF0CBE003576C2 /* Main.storyboard in Resources */,
				4EF7C08F19DF0CBE003576C2 /* LaunchScreen.xib in Resources */,
				4EF7C08C19DF0CBE003576C2 /* Images.xcassets in Resources */,
			);
			runOnlyForDeploymentPostprocessing = 0;
		};
		4EF7C0A619DF0CC9003576C2 /* Resources */ = {
			isa = PBXResourcesBuildPhase;
			buildActionMask = 2147483647;
			files = (
			);
			runOnlyForDeploymentPostprocessing = 0;
		};
/* End PBXResourcesBuildPhase section */

/* Begin PBXSourcesBuildPhase section */
		4EF7C07B19DF0CBE003576C2 /* Sources */ = {
			isa = PBXSourcesBuildPhase;
			buildActionMask = 2147483647;
			files = (
				4EF7C08719DF0CBE003576C2 /* ViewController.swift in Sources */,
				4EF7C08519DF0CBE003576C2 /* AppDelegate.swift in Sources */,
			);
			runOnlyForDeploymentPostprocessing = 0;
		};
		4EF7C0A419DF0CC9003576C2 /* Sources */ = {
			isa = PBXSourcesBuildPhase;
			buildActionMask = 2147483647;
			files = (
				4EF7C0AD19DF0CC9003576C2 /* KeyboardViewController.swift in Sources */,
			);
			runOnlyForDeploymentPostprocessing = 0;
		};
/* End PBXSourcesBuildPhase section */

/* Begin PBXTargetDependency section */
		4EF7C0AF19DF0CC9003576C2 /* PBXTargetDependency */ = {
			isa = PBXTargetDependency;
			target = 4EF7C0A719DF0CC9003576C2 /* Keyboard */;
			targetProxy = 4EF7C0AE19DF0CC9003576C2 /* PBXContainerItemProxy */;
		};
		4EF7C0B219DF0CC9003576C2 /* PBXTargetDependency */ = {
			isa = PBXTargetDependency;
			target = 4EF7C0A719DF0CC9003576C2 /* Keyboard */;
			targetProxy = 4EF7C0B119DF0CC9003576C2 /* PBXContainerItemProxy */;
		};
/* End PBXTargetDependency section */

/* Begin PBXVariantGroup section */
		4EF7C08819DF0CBE003576C2 /* Main.storyboard */ = {
			isa = PBXVariantGroup;
			children = (
				4EF7C08919DF0CBE003576C2 /* Base */,
			);
			name = Main.storyboard;
			sourceTree = "<group>";
		};
		4EF7C08D19DF0CBE003576C2 /* LaunchScreen.xib */ = {
			isa = PBXVariantGroup;
			children = (
				4EF7C08E19DF0CBE003576C2 /* Base */,
			);
			name = LaunchScreen.xib;
			sourceTree = "<group>";
		};
/* End PBXVariantGroup section */

/* Begin XCBuildConfiguration section */
		4EF7C09C19DF0CBE003576C2 /* Debug */ = {
			isa = XCBuildConfiguration;
			buildSettings = {
				ALWAYS_SEARCH_USER_PATHS = NO;
				CLANG_CXX_LANGUAGE_STANDARD = "gnu++0x";
				CLANG_CXX_LIBRARY = "libc++";
				CLANG_ENABLE_MODULES = YES;
				CLANG_ENABLE_OBJC_ARC = YES;
				CLANG_WARN_BOOL_CONVERSION = YES;
				CLANG_WARN_CONSTANT_CONVERSION = YES;
				CLANG_WARN_DIRECT_OBJC_ISA_USAGE = YES_ERROR;
				CLANG_WARN_EMPTY_BODY = YES;
				CLANG_WARN_ENUM_CONVERSION = YES;
				CLANG_WARN_INT_CONVERSION = YES;
				CLANG_WARN_OBJC_ROOT_CLASS = YES_ERROR;
				CLANG_WARN_UNREACHABLE_CODE = YES;
				CLANG_WARN__DUPLICATE_METHOD_MATCH = YES;
				"CODE_SIGN_IDENTITY[sdk=iphoneos*]" = "iPhone Developer";
				COPY_PHASE_STRIP = NO;
				ENABLE_STRICT_OBJC_MSGSEND = YES;
				GCC_C_LANGUAGE_STANDARD = gnu99;
				GCC_DYNAMIC_NO_PIC = NO;
				GCC_OPTIMIZATION_LEVEL = 0;
				GCC_PREPROCESSOR_DEFINITIONS = (
					"DEBUG=1",
					"$(inherited)",
				);
				GCC_SYMBOLS_PRIVATE_EXTERN = NO;
				GCC_WARN_64_TO_32_BIT_CONVERSION = YES;
				GCC_WARN_ABOUT_RETURN_TYPE = YES_ERROR;
				GCC_WARN_UNDECLARED_SELECTOR = YES;
				GCC_WARN_UNINITIALIZED_AUTOS = YES_AGGRESSIVE;
				GCC_WARN_UNUSED_FUNCTION = YES;
				GCC_WARN_UNUSED_VARIABLE = YES;
				IPHONEOS_DEPLOYMENT_TARGET = 8.0;
				MTL_ENABLE_DEBUG_INFO = YES;
				ONLY_ACTIVE_ARCH = YES;
				SDKROOT = iphoneos;
				SWIFT_OPTIMIZATION_LEVEL = "-Onone";
				TARGETED_DEVICE_FAMILY = "1,2";
			};
			name = Debug;
		};
		4EF7C09D19DF0CBE003576C2 /* Release */ = {
			isa = XCBuildConfiguration;
			buildSettings = {
				ALWAYS_SEARCH_USER_PATHS = NO;
				CLANG_CXX_LANGUAGE_STANDARD = "gnu++0x";
				CLANG_CXX_LIBRARY = "libc++";
				CLANG_ENABLE_MODULES = YES;
				CLANG_ENABLE_OBJC_ARC = YES;
				CLANG_WARN_BOOL_CONVERSION = YES;
				CLANG_WARN_CONSTANT_CONVERSION = YES;
				CLANG_WARN_DIRECT_OBJC_ISA_USAGE = YES_ERROR;
				CLANG_WARN_EMPTY_BODY = YES;
				CLANG_WARN_ENUM_CONVERSION = YES;
				CLANG_WARN_INT_CONVERSION = YES;
				CLANG_WARN_OBJC_ROOT_CLASS = YES_ERROR;
				CLANG_WARN_UNREACHABLE_CODE = YES;
				CLANG_WARN__DUPLICATE_METHOD_MATCH = YES;
				"CODE_SIGN_IDENTITY[sdk=iphoneos*]" = "iPhone Developer";
				COPY_PHASE_STRIP = YES;
				ENABLE_NS_ASSERTIONS = NO;
				ENABLE_STRICT_OBJC_MSGSEND = YES;
				GCC_C_LANGUAGE_STANDARD = gnu99;
				GCC_WARN_64_TO_32_BIT_CONVERSION = YES;
				GCC_WARN_ABOUT_RETURN_TYPE = YES_ERROR;
				GCC_WARN_UNDECLARED_SELECTOR = YES;
				GCC_WARN_UNINITIALIZED_AUTOS = YES_AGGRESSIVE;
				GCC_WARN_UNUSED_FUNCTION = YES;
				GCC_WARN_UNUSED_VARIABLE = YES;
				IPHONEOS_DEPLOYMENT_TARGET = 8.0;
				MTL_ENABLE_DEBUG_INFO = NO;
				SDKROOT = iphoneos;
				TARGETED_DEVICE_FAMILY = "1,2";
				VALIDATE_PRODUCT = YES;
			};
			name = Release;
		};
		4EF7C09F19DF0CBE003576C2 /* Debug */ = {
			isa = XCBuildConfiguration;
			buildSettings = {
				ASSETCATALOG_COMPILER_APPICON_NAME = AppIcon;
				INFOPLIST_FILE = TestAutolayoutKeyboard/Info.plist;
				LD_RUNPATH_SEARCH_PATHS = "$(inherited) @executable_path/Frameworks";
				PRODUCT_NAME = "$(TARGET_NAME)";
			};
			name = Debug;
		};
		4EF7C0A019DF0CBE003576C2 /* Release */ = {
			isa = XCBuildConfiguration;
			buildSettings = {
				ASSETCATALOG_COMPILER_APPICON_NAME = AppIcon;
				INFOPLIST_FILE = TestAutolayoutKeyboard/Info.plist;
				LD_RUNPATH_SEARCH_PATHS = "$(inherited) @executable_path/Frameworks";
				PRODUCT_NAME = "$(TARGET_NAME)";
			};
			name = Release;
		};
		4EF7C0B419DF0CC9003576C2 /* Debug */ = {
			isa = XCBuildConfiguration;
			buildSettings = {
				GCC_PREPROCESSOR_DEFINITIONS = (
					"DEBUG=1",
					"$(inherited)",
				);
				INFOPLIST_FILE = Keyboard/Info.plist;
				LD_RUNPATH_SEARCH_PATHS = "$(inherited) @executable_path/Frameworks @executable_path/../../Frameworks";
				PRODUCT_NAME = "$(TARGET_NAME)";
				SKIP_INSTALL = YES;
			};
			name = Debug;
		};
		4EF7C0B519DF0CC9003576C2 /* Release */ = {
			isa = XCBuildConfiguration;
			buildSettings = {
				INFOPLIST_FILE = Keyboard/Info.plist;
				LD_RUNPATH_SEARCH_PATHS = "$(inherited) @executable_path/Frameworks @executable_path/../../Frameworks";
				PRODUCT_NAME = "$(TARGET_NAME)";
				SKIP_INSTALL = YES;
			};
			name = Release;
		};
/* End XCBuildConfiguration section */

/* Begin XCConfigurationList section */
		4EF7C07A19DF0CBE003576C2 /* Build configuration list for PBXProject "TestAutolayoutKeyboard" */ = {
			isa = XCConfigurationList;
			buildConfigurations = (
				4EF7C09C19DF0CBE003576C2 /* Debug */,
				4EF7C09D19DF0CBE003576C2 /* Release */,
			);
			defaultConfigurationIsVisible = 0;
			defaultConfigurationName = Release;
		};
		4EF7C09E19DF0CBE003576C2 /* Build configuration list for PBXNativeTarget "TestAutolayoutKeyboard" */ = {
			isa = XCConfigurationList;
			buildConfigurations = (
				4EF7C09F19DF0CBE003576C2 /* Debug */,
				4EF7C0A019DF0CBE003576C2 /* Release */,
			);
			defaultConfigurationIsVisible = 0;
		};
		4EF7C0B319DF0CC9003576C2 /* Build configuration list for PBXNativeTarget "Keyboard" */ = {
			isa = XCConfigurationList;
			buildConfigurations = (
				4EF7C0B419DF0CC9003576C2 /* Debug */,
				4EF7C0B519DF0CC9003576C2 /* Release */,
			);
			defaultConfigurationIsVisible = 0;
		};
/* End XCConfigurationList section */
	};
	rootObject = 4EF7C07719DF0CBE003576C2 /* Project object */;
}
